
Microsoft Visual Studio Solution File, Format Version 12.00
# Visual Studio 14
VisualStudioVersion = 14.0.25420.1
MinimumVisualStudioVersion = 10.0.40219.1
Project("{FAE04EC0-301F-11D3-BF4B-00C04F79EFBC}") = "0001两数之和", "0001两数之和\0001两数之和.csproj", "{7BAF79E3-2689-4013-8D0C-CA6B9B4E7992}"
EndProject
Project("{FAE04EC0-301F-11D3-BF4B-00C04F79EFBC}") = "0002两数相加", "0002两数相加\0002两数相加.csproj", "{B8E1A20D-D78F-4682-B4C5-0B6E8E649DA9}"
EndProject
Project("{FAE04EC0-301F-11D3-BF4B-00C04F79EFBC}") = "0003无重复字符的最长子串", "0003无重复字符的最长子串\0003无重复字符的最长子串.csproj", "{EA52658F-FED4-4B9A-B65C-1B4B3C49AA36}"
EndProject
Global
	GlobalSection(SolutionConfigurationPlatforms) = preSolution
		Debug|Any CPU = Debug|Any CPU
		Release|Any CPU = Release|Any CPU
	EndGlobalSection
	GlobalSection(ProjectConfigurationPlatforms) = postSolution
		{7BAF79E3-2689-4013-8D0C-CA6B9B4E7992}.Debug|Any CPU.ActiveCfg = Debug|Any CPU
		{7BAF79E3-2689-4013-8D0C-CA6B9B4E7992}.Debug|Any CPU.Build.0 = Debug|Any CPU
		{7BAF79E3-2689-4013-8D0C-CA6B9B4E7992}.Release|Any CPU.ActiveCfg = Release|Any CPU
		{7BAF79E3-2689-4013-8D0C-CA6B9B4E7992}.Release|Any CPU.Build.0 = Release|Any CPU
		{B8E1A20D-D78F-4682-B4C5-0B6E8E649DA9}.Debug|Any CPU.ActiveCfg = Debug|Any CPU
		{B8E1A20D-D78F-4682-B4C5-0B6E8E649DA9}.Debug|Any CPU.Build.0 = Debug|Any CPU
		{B8E1A20D-D78F-4682-B4C5-0B6E8E649DA9}.Release|Any CPU.ActiveCfg = Release|Any CPU
		{B8E1A20D-D78F-4682-B4C5-0B6E8E649DA9}.Release|Any CPU.Build.0 = Release|Any CPU
		{EA52658F-FED4-4B9A-B65C-1B4B3C49AA36}.Debug|Any CPU.ActiveCfg = Debug|Any CPU
		{EA52658F-FED4-4B9A-B65C-1B4B3C49AA36}.Debug|Any CPU.Build.0 = Debug|Any CPU
		{EA52658F-FED4-4B9A-B65C-1B4B3C49AA36}.Release|Any CPU.ActiveCfg = Release|Any CPU
		{EA52658F-FED4-4B9A-B65C-1B4B3C49AA36}.Release|Any CPU.Build.0 = Release|Any CPU
	EndGlobalSection
	GlobalSection(SolutionProperties) = preSolution
		HideSolutionNode = FALSE
	EndGlobalSection
EndGlobal
